// !$*UTF8*$!
{
	archiveVersion = 1;
	classes = {
	};
	objectVersion = 56;
	objects = {

/* Begin PBXBuildFile section */
		28076A762A6DB7BC00F2BD7B /* MainMenuScene.swift in Sources */ = {isa = PBXBuildFile; fileRef = 28076A752A6DB7BC00F2BD7B /* MainMenuScene.swift */; };
		28076A7A2A6DC67E00F2BD7B /* NewGameButtom.swift in Sources */ = {isa = PBXBuildFile; fileRef = 28076A792A6DC67E00F2BD7B /* NewGameButtom.swift */; };
		28076A7C2A6DC6FE00F2BD7B /* ContinueGameButtom.swift in Sources */ = {isa = PBXBuildFile; fileRef = 28076A7B2A6DC6FE00F2BD7B /* ContinueGameButtom.swift */; };
		28076A7F2A6DF83400F2BD7B /* PlayerEndScene.swift in Sources */ = {isa = PBXBuildFile; fileRef = 28076A7E2A6DF83400F2BD7B /* PlayerEndScene.swift */; };
		28076A822A6DF85C00F2BD7B /* MonsterEndScene.swift in Sources */ = {isa = PBXBuildFile; fileRef = 28076A812A6DF85C00F2BD7B /* MonsterEndScene.swift */; };
		28076A842A6DF87D00F2BD7B /* ResetBattleButtom.swift in Sources */ = {isa = PBXBuildFile; fileRef = 28076A832A6DF87D00F2BD7B /* ResetBattleButtom.swift */; };
		28076A862A6DF89000F2BD7B /* BackToMainMenu.swift in Sources */ = {isa = PBXBuildFile; fileRef = 28076A852A6DF89000F2BD7B /* BackToMainMenu.swift */; };
		280A534F2A6AAC0A00267B9E /* PauseNode.swift in Sources */ = {isa = PBXBuildFile; fileRef = 280A534E2A6AAC0A00267B9E /* PauseNode.swift */; };
		280A53522A6AB0AB00267B9E /* PauseBackground.swift in Sources */ = {isa = PBXBuildFile; fileRef = 280A53512A6AB0AB00267B9E /* PauseBackground.swift */; };
		280A53542A6ABD0000267B9E /* ClosePause.swift in Sources */ = {isa = PBXBuildFile; fileRef = 280A53532A6ABD0000267B9E /* ClosePause.swift */; };
		280A53562A6ABDC900267B9E /* ResetBattle.swift in Sources */ = {isa = PBXBuildFile; fileRef = 280A53552A6ABDC900267B9E /* ResetBattle.swift */; };
		280A53582A6ABEC400267B9E /* MainMenu.swift in Sources */ = {isa = PBXBuildFile; fileRef = 280A53572A6ABEC400267B9E /* MainMenu.swift */; };
		280A535A2A6AC10A00267B9E /* PauseButtom.swift in Sources */ = {isa = PBXBuildFile; fileRef = 280A53592A6AC10A00267B9E /* PauseButtom.swift */; };
		280DF6792A6B18AD00EFF162 /* Languages.swift in Sources */ = {isa = PBXBuildFile; fileRef = 280DF6782A6B18AD00EFF162 /* Languages.swift */; };
		28314F5B2A5CAAD10031B95B /* AppDelegate.swift in Sources */ = {isa = PBXBuildFile; fileRef = 28314F5A2A5CAAD10031B95B /* AppDelegate.swift */; };
		28314F612A5CAAD10031B95B /* GameScene.swift in Sources */ = {isa = PBXBuildFile; fileRef = 28314F602A5CAAD10031B95B /* GameScene.swift */; };
		28314F632A5CAAD10031B95B /* GameViewController.swift in Sources */ = {isa = PBXBuildFile; fileRef = 28314F622A5CAAD10031B95B /* GameViewController.swift */; };
		28314F662A5CAAD10031B95B /* Main.storyboard in Resources */ = {isa = PBXBuildFile; fileRef = 28314F642A5CAAD10031B95B /* Main.storyboard */; };
		28314F682A5CAAD20031B95B /* Assets.xcassets in Resources */ = {isa = PBXBuildFile; fileRef = 28314F672A5CAAD20031B95B /* Assets.xcassets */; };
		28314F6B2A5CAAD20031B95B /* LaunchScreen.storyboard in Resources */ = {isa = PBXBuildFile; fileRef = 28314F692A5CAAD20031B95B /* LaunchScreen.storyboard */; };
		28314F752A5CAAD20031B95B /* CardGameHorrorTests.swift in Sources */ = {isa = PBXBuildFile; fileRef = 28314F742A5CAAD20031B95B /* CardGameHorrorTests.swift */; };
		28314F7F2A5CAAD20031B95B /* CardGameHorrorUITests.swift in Sources */ = {isa = PBXBuildFile; fileRef = 28314F7E2A5CAAD20031B95B /* CardGameHorrorUITests.swift */; };
		28314F812A5CAAD20031B95B /* CardGameHorrorUITestsLaunchTests.swift in Sources */ = {isa = PBXBuildFile; fileRef = 28314F802A5CAAD20031B95B /* CardGameHorrorUITestsLaunchTests.swift */; };
		283227652A6EF39800D13300 /* MainMenuBackground.swift in Sources */ = {isa = PBXBuildFile; fileRef = 283227642A6EF39800D13300 /* MainMenuBackground.swift */; };
		286536712A68BE4D007E8CD3 /* CardConfigurations.swift in Sources */ = {isa = PBXBuildFile; fileRef = 286536702A68BE4D007E8CD3 /* CardConfigurations.swift */; };
		286A54B02A5DC96000B2D6BC /* CardNode.swift in Sources */ = {isa = PBXBuildFile; fileRef = 286A54AF2A5DC96000B2D6BC /* CardNode.swift */; };
		286A54B22A5DCAAA00B2D6BC /* Myaudio.sks in Resources */ = {isa = PBXBuildFile; fileRef = 286A54B12A5DCAAA00B2D6BC /* Myaudio.sks */; };
		288F53052A6D637000BC24A2 /* Divider.swift in Sources */ = {isa = PBXBuildFile; fileRef = 288F53042A6D637000BC24A2 /* Divider.swift */; };
		288F53072A6D677B00BC24A2 /* Camera.swift in Sources */ = {isa = PBXBuildFile; fileRef = 288F53062A6D677B00BC24A2 /* Camera.swift */; };
		288F53092A6D760500BC24A2 /* LifeBarOverlay.swift in Sources */ = {isa = PBXBuildFile; fileRef = 288F53082A6D760500BC24A2 /* LifeBarOverlay.swift */; };
		28BDF7772A6431F9002037EB /* GameController.swift in Sources */ = {isa = PBXBuildFile; fileRef = 28BDF7762A6431F9002037EB /* GameController.swift */; };
		28C322C02A66E5BF000E83FF /* HudNode.swift in Sources */ = {isa = PBXBuildFile; fileRef = 28C322BF2A66E5BF000E83FF /* HudNode.swift */; };
		28C322C82A671955000E83FF /* SwiftUIView.swift in Sources */ = {isa = PBXBuildFile; fileRef = 28314F922A5CAB7C0031B95B /* SwiftUIView.swift */; };
		28C322CA2A671DBA000E83FF /* LifeBar.swift in Sources */ = {isa = PBXBuildFile; fileRef = 28C322C92A671DBA000E83FF /* LifeBar.swift */; };
		28C52A6A2A617F49003AEF25 /* HorrorDatabase.xcdatamodeld in Sources */ = {isa = PBXBuildFile; fileRef = 28C52A682A617F49003AEF25 /* HorrorDatabase.xcdatamodeld */; };
		28C52A6C2A6181ED003AEF25 /* HorrorDataManager.swift in Sources */ = {isa = PBXBuildFile; fileRef = 28C52A6B2A6181ED003AEF25 /* HorrorDataManager.swift */; };
		28D1235C2A68195900E37E43 /* LifeBarBackGround.swift in Sources */ = {isa = PBXBuildFile; fileRef = 28D1235B2A68195900E37E43 /* LifeBarBackGround.swift */; };
		28D1235E2A681E9D00E37E43 /* LifeBarNode.swift in Sources */ = {isa = PBXBuildFile; fileRef = 28D1235D2A681E9D00E37E43 /* LifeBarNode.swift */; };
		28D123612A6847A400E37E43 /* NamePlaceHolder.swift in Sources */ = {isa = PBXBuildFile; fileRef = 28D123602A6847A400E37E43 /* NamePlaceHolder.swift */; };
		28D123632A6848C200E37E43 /* MonsterHud.swift in Sources */ = {isa = PBXBuildFile; fileRef = 28D123622A6848C200E37E43 /* MonsterHud.swift */; };
		28D123652A68529E00E37E43 /* PlayerHud.swift in Sources */ = {isa = PBXBuildFile; fileRef = 28D123642A68529E00E37E43 /* PlayerHud.swift */; };
		28D123672A68743700E37E43 /* ButtomEndTurn.swift in Sources */ = {isa = PBXBuildFile; fileRef = 28D123662A68743700E37E43 /* ButtomEndTurn.swift */; };
		28DD3A9A2A65B06F00D5F951 /* BigshotOne-Regular.ttf in Resources */ = {isa = PBXBuildFile; fileRef = 28DD3A992A65B06F00D5F951 /* BigshotOne-Regular.ttf */; };
		28DD3AA12A65C05D00D5F951 /* Extensions.swift in Sources */ = {isa = PBXBuildFile; fileRef = 28DD3AA02A65C05D00D5F951 /* Extensions.swift */; };
		28F54D2A2A60923B00B692F5 /* player.swift in Sources */ = {isa = PBXBuildFile; fileRef = 28F54D292A60923B00B692F5 /* player.swift */; };
		28FC6C672A6F10D200C0A9BE /* Localizable.strings in Resources */ = {isa = PBXBuildFile; fileRef = 28FC6C692A6F10D200C0A9BE /* Localizable.strings */; };
		28FC6C6C2A6F1C5E00C0A9BE /* LanguageManager.swift in Sources */ = {isa = PBXBuildFile; fileRef = 28FC6C6B2A6F1C5E00C0A9BE /* LanguageManager.swift */; };
		70D72CE42A6EF4600010AFA8 /* Mao1.swift in Sources */ = {isa = PBXBuildFile; fileRef = 70D72CE32A6EF4600010AFA8 /* Mao1.swift */; };
		70D72CE62A6EF46D0010AFA8 /* Mao2.swift in Sources */ = {isa = PBXBuildFile; fileRef = 70D72CE52A6EF46D0010AFA8 /* Mao2.swift */; };
		70D72CE82A6EF4BE0010AFA8 /* Carta1.swift in Sources */ = {isa = PBXBuildFile; fileRef = 70D72CE72A6EF4BE0010AFA8 /* Carta1.swift */; };
		70D72CEA2A6EF4CD0010AFA8 /* Carta2.swift in Sources */ = {isa = PBXBuildFile; fileRef = 70D72CE92A6EF4CD0010AFA8 /* Carta2.swift */; };
		70D72CEC2A6EF4D90010AFA8 /* Carta3.swift in Sources */ = {isa = PBXBuildFile; fileRef = 70D72CEB2A6EF4D90010AFA8 /* Carta3.swift */; };
		70D72CEE2A6EF5480010AFA8 /* Maos.swift in Sources */ = {isa = PBXBuildFile; fileRef = 70D72CED2A6EF5480010AFA8 /* Maos.swift */; };
		70D72CF02A6EFCFA0010AFA8 /* Taro.swift in Sources */ = {isa = PBXBuildFile; fileRef = 70D72CEF2A6EFCFA0010AFA8 /* Taro.swift */; };
		B85501BA2A6EEE520038F2F1 /* DialogData.swift in Sources */ = {isa = PBXBuildFile; fileRef = B85501B92A6EEE520038F2F1 /* DialogData.swift */; };
		B86261432A6D6DBE00EB5C93 /* TextBox.swift in Sources */ = {isa = PBXBuildFile; fileRef = B86261422A6D6DBE00EB5C93 /* TextBox.swift */; };
		B8AECE092A6D5B770032AC66 /* IntroBackground.swift in Sources */ = {isa = PBXBuildFile; fileRef = B8AECE082A6D5B770032AC66 /* IntroBackground.swift */; };
		B8AECE0B2A6D5B880032AC66 /* DialogView.swift in Sources */ = {isa = PBXBuildFile; fileRef = B8AECE0A2A6D5B880032AC66 /* DialogView.swift */; };
		B8B2469A2A66CF3400EB2FFB /* MonsterView.swift in Sources */ = {isa = PBXBuildFile; fileRef = B8B246992A66CF3400EB2FFB /* MonsterView.swift */; };
		B8F0015C2A6B255800392235 /* Cenario.swift in Sources */ = {isa = PBXBuildFile; fileRef = B8F0014B2A6B255800392235 /* Cenario.swift */; };
		B8F0015D2A6B255800392235 /* Fundo.swift in Sources */ = {isa = PBXBuildFile; fileRef = B8F0014D2A6B255800392235 /* Fundo.swift */; };
		B8F0015E2A6B255800392235 /* Frente.swift in Sources */ = {isa = PBXBuildFile; fileRef = B8F0014E2A6B255800392235 /* Frente.swift */; };
		B8F0015F2A6B255800392235 /* Carros.swift in Sources */ = {isa = PBXBuildFile; fileRef = B8F0014F2A6B255800392235 /* Carros.swift */; };
		B8F001602A6B255800392235 /* ArvoresFrente.swift in Sources */ = {isa = PBXBuildFile; fileRef = B8F001512A6B255800392235 /* ArvoresFrente.swift */; };
		B8F001612A6B255800392235 /* Estrada.swift in Sources */ = {isa = PBXBuildFile; fileRef = B8F001522A6B255800392235 /* Estrada.swift */; };
		B8F001622A6B255800392235 /* Background.swift in Sources */ = {isa = PBXBuildFile; fileRef = B8F001532A6B255800392235 /* Background.swift */; };
		B8F001632A6B255800392235 /* Assets.xcassets in Resources */ = {isa = PBXBuildFile; fileRef = B8F001542A6B255800392235 /* Assets.xcassets */; };
		B8F001642A6B255800392235 /* Fumaca.sks in Resources */ = {isa = PBXBuildFile; fileRef = B8F001552A6B255800392235 /* Fumaca.sks */; };
		B8F001652A6B255800392235 /* Carro2.swift in Sources */ = {isa = PBXBuildFile; fileRef = B8F001562A6B255800392235 /* Carro2.swift */; };
		B8F001682A6B255800392235 /* Carro1.swift in Sources */ = {isa = PBXBuildFile; fileRef = B8F001592A6B255800392235 /* Carro1.swift */; };
		B8F001692A6B255800392235 /* Farol.swift in Sources */ = {isa = PBXBuildFile; fileRef = B8F0015A2A6B255800392235 /* Farol.swift */; };
		B8F0016A2A6B255800392235 /* ArvoresFundo.swift in Sources */ = {isa = PBXBuildFile; fileRef = B8F0015B2A6B255800392235 /* ArvoresFundo.swift */; };
		B8F9155D2A671E4600D828A2 /* MonsterEntity.swift in Sources */ = {isa = PBXBuildFile; fileRef = B8F9155C2A671E4600D828A2 /* MonsterEntity.swift */; };
		B8F9155F2A67214200D828A2 /* MonsterEntry.swift in Sources */ = {isa = PBXBuildFile; fileRef = B8F9155E2A67214200D828A2 /* MonsterEntry.swift */; };
		C900B2322A6B02C200AC9291 /* BreeSerif-Regular.ttf in Resources */ = {isa = PBXBuildFile; fileRef = C900B2312A6B02C200AC9291 /* BreeSerif-Regular.ttf */; };
		C9856EB72A6637CC00936CF2 /* HandCards.swift in Sources */ = {isa = PBXBuildFile; fileRef = C9856EB62A6637CC00936CF2 /* HandCards.swift */; };
		C9C208FD2A6CD797009C73C4 /* farol.atlas in Resources */ = {isa = PBXBuildFile; fileRef = C9C208FC2A6CD797009C73C4 /* farol.atlas */; };
		C9C209042A6D5371009C73C4 /* IntroScene.swift in Sources */ = {isa = PBXBuildFile; fileRef = C9C209032A6D5371009C73C4 /* IntroScene.swift */; };
		C9C2091F2A6E0CF6009C73C4 /* FloatingNode.swift in Sources */ = {isa = PBXBuildFile; fileRef = C9C2091E2A6E0CF6009C73C4 /* FloatingNode.swift */; };
		C9C209232A6EC071009C73C4 /* OverlayPause.swift in Sources */ = {isa = PBXBuildFile; fileRef = C9C209222A6EC071009C73C4 /* OverlayPause.swift */; };
		C9C209252A6EFB91009C73C4 /* DayNightTransitionScene.swift in Sources */ = {isa = PBXBuildFile; fileRef = C9C209242A6EFB91009C73C4 /* DayNightTransitionScene.swift */; };
/* End PBXBuildFile section */

/* Begin PBXContainerItemProxy section */
		28314F712A5CAAD20031B95B /* PBXContainerItemProxy */ = {
			isa = PBXContainerItemProxy;
			containerPortal = 28314F4F2A5CAAD10031B95B /* Project object */;
			proxyType = 1;
			remoteGlobalIDString = 28314F562A5CAAD10031B95B;
			remoteInfo = CardGameHorror;
		};
		28314F7B2A5CAAD20031B95B /* PBXContainerItemProxy */ = {
			isa = PBXContainerItemProxy;
			containerPortal = 28314F4F2A5CAAD10031B95B /* Project object */;
			proxyType = 1;
			remoteGlobalIDString = 28314F562A5CAAD10031B95B;
			remoteInfo = CardGameHorror;
		};
/* End PBXContainerItemProxy section */

/* Begin PBXFileReference section */
		28076A752A6DB7BC00F2BD7B /* MainMenuScene.swift */ = {isa = PBXFileReference; lastKnownFileType = sourcecode.swift; path = MainMenuScene.swift; sourceTree = "<group>"; };
		28076A792A6DC67E00F2BD7B /* NewGameButtom.swift */ = {isa = PBXFileReference; lastKnownFileType = sourcecode.swift; path = NewGameButtom.swift; sourceTree = "<group>"; };
		28076A7B2A6DC6FE00F2BD7B /* ContinueGameButtom.swift */ = {isa = PBXFileReference; lastKnownFileType = sourcecode.swift; path = ContinueGameButtom.swift; sourceTree = "<group>"; };
		28076A7E2A6DF83400F2BD7B /* PlayerEndScene.swift */ = {isa = PBXFileReference; lastKnownFileType = sourcecode.swift; path = PlayerEndScene.swift; sourceTree = "<group>"; };
		28076A812A6DF85C00F2BD7B /* MonsterEndScene.swift */ = {isa = PBXFileReference; lastKnownFileType = sourcecode.swift; path = MonsterEndScene.swift; sourceTree = "<group>"; };
		28076A832A6DF87D00F2BD7B /* ResetBattleButtom.swift */ = {isa = PBXFileReference; lastKnownFileType = sourcecode.swift; path = ResetBattleButtom.swift; sourceTree = "<group>"; };
		28076A852A6DF89000F2BD7B /* BackToMainMenu.swift */ = {isa = PBXFileReference; lastKnownFileType = sourcecode.swift; path = BackToMainMenu.swift; sourceTree = "<group>"; };
		280A534E2A6AAC0A00267B9E /* PauseNode.swift */ = {isa = PBXFileReference; lastKnownFileType = sourcecode.swift; path = PauseNode.swift; sourceTree = "<group>"; };
		280A53512A6AB0AB00267B9E /* PauseBackground.swift */ = {isa = PBXFileReference; lastKnownFileType = sourcecode.swift; path = PauseBackground.swift; sourceTree = "<group>"; };
		280A53532A6ABD0000267B9E /* ClosePause.swift */ = {isa = PBXFileReference; lastKnownFileType = sourcecode.swift; path = ClosePause.swift; sourceTree = "<group>"; };
		280A53552A6ABDC900267B9E /* ResetBattle.swift */ = {isa = PBXFileReference; lastKnownFileType = sourcecode.swift; path = ResetBattle.swift; sourceTree = "<group>"; };
		280A53572A6ABEC400267B9E /* MainMenu.swift */ = {isa = PBXFileReference; lastKnownFileType = sourcecode.swift; path = MainMenu.swift; sourceTree = "<group>"; };
		280A53592A6AC10A00267B9E /* PauseButtom.swift */ = {isa = PBXFileReference; lastKnownFileType = sourcecode.swift; path = PauseButtom.swift; sourceTree = "<group>"; };
		280DF6782A6B18AD00EFF162 /* Languages.swift */ = {isa = PBXFileReference; lastKnownFileType = sourcecode.swift; path = Languages.swift; sourceTree = "<group>"; };
		28314F572A5CAAD10031B95B /* CardGameHorror.app */ = {isa = PBXFileReference; explicitFileType = wrapper.application; includeInIndex = 0; path = CardGameHorror.app; sourceTree = BUILT_PRODUCTS_DIR; };
		28314F5A2A5CAAD10031B95B /* AppDelegate.swift */ = {isa = PBXFileReference; lastKnownFileType = sourcecode.swift; path = AppDelegate.swift; sourceTree = "<group>"; };
		28314F602A5CAAD10031B95B /* GameScene.swift */ = {isa = PBXFileReference; lastKnownFileType = sourcecode.swift; path = GameScene.swift; sourceTree = "<group>"; };
		28314F622A5CAAD10031B95B /* GameViewController.swift */ = {isa = PBXFileReference; lastKnownFileType = sourcecode.swift; path = GameViewController.swift; sourceTree = "<group>"; };
		28314F652A5CAAD10031B95B /* Base */ = {isa = PBXFileReference; lastKnownFileType = file.storyboard; name = Base; path = Base.lproj/Main.storyboard; sourceTree = "<group>"; };
		28314F672A5CAAD20031B95B /* Assets.xcassets */ = {isa = PBXFileReference; lastKnownFileType = folder.assetcatalog; path = Assets.xcassets; sourceTree = "<group>"; };
		28314F6A2A5CAAD20031B95B /* Base */ = {isa = PBXFileReference; lastKnownFileType = file.storyboard; name = Base; path = Base.lproj/LaunchScreen.storyboard; sourceTree = "<group>"; };
		28314F702A5CAAD20031B95B /* CardGameHorrorTests.xctest */ = {isa = PBXFileReference; explicitFileType = wrapper.cfbundle; includeInIndex = 0; path = CardGameHorrorTests.xctest; sourceTree = BUILT_PRODUCTS_DIR; };
		28314F742A5CAAD20031B95B /* CardGameHorrorTests.swift */ = {isa = PBXFileReference; lastKnownFileType = sourcecode.swift; path = CardGameHorrorTests.swift; sourceTree = "<group>"; };
		28314F7A2A5CAAD20031B95B /* CardGameHorrorUITests.xctest */ = {isa = PBXFileReference; explicitFileType = wrapper.cfbundle; includeInIndex = 0; path = CardGameHorrorUITests.xctest; sourceTree = BUILT_PRODUCTS_DIR; };
		28314F7E2A5CAAD20031B95B /* CardGameHorrorUITests.swift */ = {isa = PBXFileReference; lastKnownFileType = sourcecode.swift; path = CardGameHorrorUITests.swift; sourceTree = "<group>"; };
		28314F802A5CAAD20031B95B /* CardGameHorrorUITestsLaunchTests.swift */ = {isa = PBXFileReference; lastKnownFileType = sourcecode.swift; path = CardGameHorrorUITestsLaunchTests.swift; sourceTree = "<group>"; };
		28314F922A5CAB7C0031B95B /* SwiftUIView.swift */ = {isa = PBXFileReference; lastKnownFileType = sourcecode.swift; path = SwiftUIView.swift; sourceTree = "<group>"; };
		283227642A6EF39800D13300 /* MainMenuBackground.swift */ = {isa = PBXFileReference; lastKnownFileType = sourcecode.swift; path = MainMenuBackground.swift; sourceTree = "<group>"; };
		286536702A68BE4D007E8CD3 /* CardConfigurations.swift */ = {isa = PBXFileReference; fileEncoding = 4; lastKnownFileType = sourcecode.swift; path = CardConfigurations.swift; sourceTree = "<group>"; };
		286A54AF2A5DC96000B2D6BC /* CardNode.swift */ = {isa = PBXFileReference; lastKnownFileType = sourcecode.swift; path = CardNode.swift; sourceTree = "<group>"; };
		286A54B12A5DCAAA00B2D6BC /* Myaudio.sks */ = {isa = PBXFileReference; lastKnownFileType = file.sks; path = Myaudio.sks; sourceTree = "<group>"; };
		288F53042A6D637000BC24A2 /* Divider.swift */ = {isa = PBXFileReference; lastKnownFileType = sourcecode.swift; path = Divider.swift; sourceTree = "<group>"; };
		288F53062A6D677B00BC24A2 /* Camera.swift */ = {isa = PBXFileReference; lastKnownFileType = sourcecode.swift; path = Camera.swift; sourceTree = "<group>"; };
		288F53082A6D760500BC24A2 /* LifeBarOverlay.swift */ = {isa = PBXFileReference; lastKnownFileType = sourcecode.swift; path = LifeBarOverlay.swift; sourceTree = "<group>"; };
		28BDF7762A6431F9002037EB /* GameController.swift */ = {isa = PBXFileReference; lastKnownFileType = sourcecode.swift; path = GameController.swift; sourceTree = "<group>"; };
		28C322BF2A66E5BF000E83FF /* HudNode.swift */ = {isa = PBXFileReference; lastKnownFileType = sourcecode.swift; path = HudNode.swift; sourceTree = "<group>"; };
		28C322C92A671DBA000E83FF /* LifeBar.swift */ = {isa = PBXFileReference; lastKnownFileType = sourcecode.swift; path = LifeBar.swift; sourceTree = "<group>"; };
		28C52A692A617F49003AEF25 /* HorrorDatabase.xcdatamodel */ = {isa = PBXFileReference; lastKnownFileType = wrapper.xcdatamodel; path = HorrorDatabase.xcdatamodel; sourceTree = "<group>"; };
		28C52A6B2A6181ED003AEF25 /* HorrorDataManager.swift */ = {isa = PBXFileReference; lastKnownFileType = sourcecode.swift; path = HorrorDataManager.swift; sourceTree = "<group>"; };
		28D1235B2A68195900E37E43 /* LifeBarBackGround.swift */ = {isa = PBXFileReference; lastKnownFileType = sourcecode.swift; path = LifeBarBackGround.swift; sourceTree = "<group>"; };
		28D1235D2A681E9D00E37E43 /* LifeBarNode.swift */ = {isa = PBXFileReference; lastKnownFileType = sourcecode.swift; path = LifeBarNode.swift; sourceTree = "<group>"; };
		28D123602A6847A400E37E43 /* NamePlaceHolder.swift */ = {isa = PBXFileReference; lastKnownFileType = sourcecode.swift; path = NamePlaceHolder.swift; sourceTree = "<group>"; };
		28D123622A6848C200E37E43 /* MonsterHud.swift */ = {isa = PBXFileReference; lastKnownFileType = sourcecode.swift; path = MonsterHud.swift; sourceTree = "<group>"; };
		28D123642A68529E00E37E43 /* PlayerHud.swift */ = {isa = PBXFileReference; lastKnownFileType = sourcecode.swift; path = PlayerHud.swift; sourceTree = "<group>"; };
		28D123662A68743700E37E43 /* ButtomEndTurn.swift */ = {isa = PBXFileReference; lastKnownFileType = sourcecode.swift; path = ButtomEndTurn.swift; sourceTree = "<group>"; };
		28DD3A992A65B06F00D5F951 /* BigshotOne-Regular.ttf */ = {isa = PBXFileReference; lastKnownFileType = file; path = "BigshotOne-Regular.ttf"; sourceTree = "<group>"; };
		28DD3AA02A65C05D00D5F951 /* Extensions.swift */ = {isa = PBXFileReference; fileEncoding = 4; lastKnownFileType = sourcecode.swift; path = Extensions.swift; sourceTree = "<group>"; };
		28F54D292A60923B00B692F5 /* player.swift */ = {isa = PBXFileReference; lastKnownFileType = sourcecode.swift; path = player.swift; sourceTree = "<group>"; };
		28FC6C632A6F0F7000C0A9BE /* pt-BR */ = {isa = PBXFileReference; lastKnownFileType = text.plist.strings; name = "pt-BR"; path = "pt-BR.lproj/Main.strings"; sourceTree = "<group>"; };
		28FC6C642A6F0F7000C0A9BE /* pt-BR */ = {isa = PBXFileReference; lastKnownFileType = text.plist.strings; name = "pt-BR"; path = "pt-BR.lproj/LaunchScreen.strings"; sourceTree = "<group>"; };
		28FC6C682A6F10D200C0A9BE /* pt-BR */ = {isa = PBXFileReference; lastKnownFileType = text.plist.strings; name = "pt-BR"; path = "pt-BR.lproj/Localizable.strings"; sourceTree = "<group>"; };
		28FC6C6A2A6F10D600C0A9BE /* en */ = {isa = PBXFileReference; lastKnownFileType = text.plist.strings; name = en; path = en.lproj/Localizable.strings; sourceTree = "<group>"; };
		28FC6C6B2A6F1C5E00C0A9BE /* LanguageManager.swift */ = {isa = PBXFileReference; lastKnownFileType = sourcecode.swift; path = LanguageManager.swift; sourceTree = "<group>"; };
		70D72CE32A6EF4600010AFA8 /* Mao1.swift */ = {isa = PBXFileReference; lastKnownFileType = sourcecode.swift; path = Mao1.swift; sourceTree = "<group>"; };
		70D72CE52A6EF46D0010AFA8 /* Mao2.swift */ = {isa = PBXFileReference; lastKnownFileType = sourcecode.swift; path = Mao2.swift; sourceTree = "<group>"; };
		70D72CE72A6EF4BE0010AFA8 /* Carta1.swift */ = {isa = PBXFileReference; lastKnownFileType = sourcecode.swift; path = Carta1.swift; sourceTree = "<group>"; };
		70D72CE92A6EF4CD0010AFA8 /* Carta2.swift */ = {isa = PBXFileReference; lastKnownFileType = sourcecode.swift; path = Carta2.swift; sourceTree = "<group>"; };
		70D72CEB2A6EF4D90010AFA8 /* Carta3.swift */ = {isa = PBXFileReference; lastKnownFileType = sourcecode.swift; path = Carta3.swift; sourceTree = "<group>"; };
		70D72CED2A6EF5480010AFA8 /* Maos.swift */ = {isa = PBXFileReference; lastKnownFileType = sourcecode.swift; path = Maos.swift; sourceTree = "<group>"; };
		70D72CEF2A6EFCFA0010AFA8 /* Taro.swift */ = {isa = PBXFileReference; lastKnownFileType = sourcecode.swift; path = Taro.swift; sourceTree = "<group>"; };
		B85501B92A6EEE520038F2F1 /* DialogData.swift */ = {isa = PBXFileReference; fileEncoding = 4; lastKnownFileType = sourcecode.swift; path = DialogData.swift; sourceTree = "<group>"; };
		B86261422A6D6DBE00EB5C93 /* TextBox.swift */ = {isa = PBXFileReference; lastKnownFileType = sourcecode.swift; path = TextBox.swift; sourceTree = "<group>"; };
		B8AECE082A6D5B770032AC66 /* IntroBackground.swift */ = {isa = PBXFileReference; lastKnownFileType = sourcecode.swift; path = IntroBackground.swift; sourceTree = "<group>"; };
		B8AECE0A2A6D5B880032AC66 /* DialogView.swift */ = {isa = PBXFileReference; lastKnownFileType = sourcecode.swift; path = DialogView.swift; sourceTree = "<group>"; };
		B8B246992A66CF3400EB2FFB /* MonsterView.swift */ = {isa = PBXFileReference; lastKnownFileType = sourcecode.swift; path = MonsterView.swift; sourceTree = "<group>"; };
		B8F0014B2A6B255800392235 /* Cenario.swift */ = {isa = PBXFileReference; fileEncoding = 4; lastKnownFileType = sourcecode.swift; path = Cenario.swift; sourceTree = "<group>"; };
		B8F0014D2A6B255800392235 /* Fundo.swift */ = {isa = PBXFileReference; fileEncoding = 4; lastKnownFileType = sourcecode.swift; path = Fundo.swift; sourceTree = "<group>"; };
		B8F0014E2A6B255800392235 /* Frente.swift */ = {isa = PBXFileReference; fileEncoding = 4; lastKnownFileType = sourcecode.swift; path = Frente.swift; sourceTree = "<group>"; };
		B8F0014F2A6B255800392235 /* Carros.swift */ = {isa = PBXFileReference; fileEncoding = 4; lastKnownFileType = sourcecode.swift; path = Carros.swift; sourceTree = "<group>"; };
		B8F001512A6B255800392235 /* ArvoresFrente.swift */ = {isa = PBXFileReference; fileEncoding = 4; lastKnownFileType = sourcecode.swift; path = ArvoresFrente.swift; sourceTree = "<group>"; };
		B8F001522A6B255800392235 /* Estrada.swift */ = {isa = PBXFileReference; fileEncoding = 4; lastKnownFileType = sourcecode.swift; path = Estrada.swift; sourceTree = "<group>"; };
		B8F001532A6B255800392235 /* Background.swift */ = {isa = PBXFileReference; fileEncoding = 4; lastKnownFileType = sourcecode.swift; path = Background.swift; sourceTree = "<group>"; };
		B8F001542A6B255800392235 /* Assets.xcassets */ = {isa = PBXFileReference; lastKnownFileType = folder.assetcatalog; path = Assets.xcassets; sourceTree = "<group>"; };
		B8F001552A6B255800392235 /* Fumaca.sks */ = {isa = PBXFileReference; lastKnownFileType = file.sks; path = Fumaca.sks; sourceTree = "<group>"; };
		B8F001562A6B255800392235 /* Carro2.swift */ = {isa = PBXFileReference; fileEncoding = 4; lastKnownFileType = sourcecode.swift; path = Carro2.swift; sourceTree = "<group>"; };
		B8F001592A6B255800392235 /* Carro1.swift */ = {isa = PBXFileReference; fileEncoding = 4; lastKnownFileType = sourcecode.swift; path = Carro1.swift; sourceTree = "<group>"; };
		B8F0015A2A6B255800392235 /* Farol.swift */ = {isa = PBXFileReference; fileEncoding = 4; lastKnownFileType = sourcecode.swift; path = Farol.swift; sourceTree = "<group>"; };
		B8F0015B2A6B255800392235 /* ArvoresFundo.swift */ = {isa = PBXFileReference; fileEncoding = 4; lastKnownFileType = sourcecode.swift; path = ArvoresFundo.swift; sourceTree = "<group>"; };
		B8F9155C2A671E4600D828A2 /* MonsterEntity.swift */ = {isa = PBXFileReference; lastKnownFileType = sourcecode.swift; path = MonsterEntity.swift; sourceTree = "<group>"; };
		B8F9155E2A67214200D828A2 /* MonsterEntry.swift */ = {isa = PBXFileReference; lastKnownFileType = sourcecode.swift; path = MonsterEntry.swift; sourceTree = "<group>"; };
		C900B2312A6B02C200AC9291 /* BreeSerif-Regular.ttf */ = {isa = PBXFileReference; lastKnownFileType = file; path = "BreeSerif-Regular.ttf"; sourceTree = "<group>"; };
		C976B3A62A69E786004F891B /* Info.plist */ = {isa = PBXFileReference; lastKnownFileType = text.plist.xml; path = Info.plist; sourceTree = "<group>"; };
		C9856EB62A6637CC00936CF2 /* HandCards.swift */ = {isa = PBXFileReference; lastKnownFileType = sourcecode.swift; path = HandCards.swift; sourceTree = "<group>"; };
		C9C208FC2A6CD797009C73C4 /* farol.atlas */ = {isa = PBXFileReference; lastKnownFileType = folder.skatlas; name = farol.atlas; path = CardGameHorror/farol.atlas; sourceTree = SOURCE_ROOT; };
		C9C209032A6D5371009C73C4 /* IntroScene.swift */ = {isa = PBXFileReference; lastKnownFileType = sourcecode.swift; name = IntroScene.swift; path = CardGameHorror/Game/Intro/IntroScene.swift; sourceTree = SOURCE_ROOT; };
		C9C2091E2A6E0CF6009C73C4 /* FloatingNode.swift */ = {isa = PBXFileReference; lastKnownFileType = sourcecode.swift; path = FloatingNode.swift; sourceTree = "<group>"; };
		C9C209222A6EC071009C73C4 /* OverlayPause.swift */ = {isa = PBXFileReference; lastKnownFileType = sourcecode.swift; path = OverlayPause.swift; sourceTree = "<group>"; };
		C9C209242A6EFB91009C73C4 /* DayNightTransitionScene.swift */ = {isa = PBXFileReference; lastKnownFileType = sourcecode.swift; path = DayNightTransitionScene.swift; sourceTree = "<group>"; };
/* End PBXFileReference section */

/* Begin PBXFrameworksBuildPhase section */
		28314F542A5CAAD10031B95B /* Frameworks */ = {
			isa = PBXFrameworksBuildPhase;
			buildActionMask = 2147483647;
			files = (
			);
			runOnlyForDeploymentPostprocessing = 0;
		};
		28314F6D2A5CAAD20031B95B /* Frameworks */ = {
			isa = PBXFrameworksBuildPhase;
			buildActionMask = 2147483647;
			files = (
			);
			runOnlyForDeploymentPostprocessing = 0;
		};
		28314F772A5CAAD20031B95B /* Frameworks */ = {
			isa = PBXFrameworksBuildPhase;
			buildActionMask = 2147483647;
			files = (
			);
			runOnlyForDeploymentPostprocessing = 0;
		};
/* End PBXFrameworksBuildPhase section */

/* Begin PBXGroup section */
		28076A772A6DBB0800F2BD7B /* MainMenu */ = {
			isa = PBXGroup;
			children = (
				28076A782A6DC66400F2BD7B /* Coponents */,
				28076A752A6DB7BC00F2BD7B /* MainMenuScene.swift */,
			);
			path = MainMenu;
			sourceTree = "<group>";
		};
		28076A782A6DC66400F2BD7B /* Coponents */ = {
			isa = PBXGroup;
			children = (
				28076A792A6DC67E00F2BD7B /* NewGameButtom.swift */,
				28076A7B2A6DC6FE00F2BD7B /* ContinueGameButtom.swift */,
				283227642A6EF39800D13300 /* MainMenuBackground.swift */,
			);
			path = Coponents;
			sourceTree = "<group>";
		};
		28076A7D2A6DF81300F2BD7B /* EndScene */ = {
			isa = PBXGroup;
			children = (
				28076A802A6DF83900F2BD7B /* Components */,
				28076A7E2A6DF83400F2BD7B /* PlayerEndScene.swift */,
				28076A812A6DF85C00F2BD7B /* MonsterEndScene.swift */,
			);
			path = EndScene;
			sourceTree = "<group>";
		};
		28076A802A6DF83900F2BD7B /* Components */ = {
			isa = PBXGroup;
			children = (
				28076A832A6DF87D00F2BD7B /* ResetBattleButtom.swift */,
				28076A852A6DF89000F2BD7B /* BackToMainMenu.swift */,
			);
			path = Components;
			sourceTree = "<group>";
		};
		280A534D2A6AABF200267B9E /* Pause */ = {
			isa = PBXGroup;
			children = (
				280A53502A6AAC1000267B9E /* Components */,
				280A534E2A6AAC0A00267B9E /* PauseNode.swift */,
			);
			path = Pause;
			sourceTree = "<group>";
		};
		280A53502A6AAC1000267B9E /* Components */ = {
			isa = PBXGroup;
			children = (
				280A53512A6AB0AB00267B9E /* PauseBackground.swift */,
				280A53532A6ABD0000267B9E /* ClosePause.swift */,
				280A53552A6ABDC900267B9E /* ResetBattle.swift */,
				280A53572A6ABEC400267B9E /* MainMenu.swift */,
				280DF6782A6B18AD00EFF162 /* Languages.swift */,
				280A53592A6AC10A00267B9E /* PauseButtom.swift */,
				C9C209222A6EC071009C73C4 /* OverlayPause.swift */,
			);
			path = Components;
			sourceTree = "<group>";
		};
		28314F4E2A5CAAD10031B95B = {
			isa = PBXGroup;
			children = (
				28314F592A5CAAD10031B95B /* CardGameHorror */,
				28314F732A5CAAD20031B95B /* CardGameHorrorTests */,
				28314F7D2A5CAAD20031B95B /* CardGameHorrorUITests */,
				28314F582A5CAAD10031B95B /* Products */,
			);
			sourceTree = "<group>";
		};
		28314F582A5CAAD10031B95B /* Products */ = {
			isa = PBXGroup;
			children = (
				28314F572A5CAAD10031B95B /* CardGameHorror.app */,
				28314F702A5CAAD20031B95B /* CardGameHorrorTests.xctest */,
				28314F7A2A5CAAD20031B95B /* CardGameHorrorUITests.xctest */,
			);
			name = Products;
			sourceTree = "<group>";
		};
		28314F592A5CAAD10031B95B /* CardGameHorror */ = {
			isa = PBXGroup;
			children = (
				C976B3A62A69E786004F891B /* Info.plist */,
				28314F8F2A5CAB120031B95B /* Game */,
				28314F902A5CAB1F0031B95B /* Model */,
				28314F8D2A5CAAE30031B95B /* Assets */,
				28314F8E2A5CAAFC0031B95B /* System */,
				28314F912A5CAB680031B95B /* Preview */,
			);
			path = CardGameHorror;
			sourceTree = "<group>";
		};
		28314F732A5CAAD20031B95B /* CardGameHorrorTests */ = {
			isa = PBXGroup;
			children = (
				28314F742A5CAAD20031B95B /* CardGameHorrorTests.swift */,
			);
			path = CardGameHorrorTests;
			sourceTree = "<group>";
		};
		28314F7D2A5CAAD20031B95B /* CardGameHorrorUITests */ = {
			isa = PBXGroup;
			children = (
				28314F7E2A5CAAD20031B95B /* CardGameHorrorUITests.swift */,
				28314F802A5CAAD20031B95B /* CardGameHorrorUITestsLaunchTests.swift */,
			);
			path = CardGameHorrorUITests;
			sourceTree = "<group>";
		};
		28314F8D2A5CAAE30031B95B /* Assets */ = {
			isa = PBXGroup;
			children = (
				28DD3A9B2A65B07A00D5F951 /* Fonts */,
				28314F962A5CAC740031B95B /* Audio */,
				28314F672A5CAAD20031B95B /* Assets.xcassets */,
				28FC6C692A6F10D200C0A9BE /* Localizable.strings */,
			);
			path = Assets;
			sourceTree = "<group>";
		};
		28314F8E2A5CAAFC0031B95B /* System */ = {
			isa = PBXGroup;
			children = (
				28DD3AA02A65C05D00D5F951 /* Extensions.swift */,
				28314F5A2A5CAAD10031B95B /* AppDelegate.swift */,
				28314F622A5CAAD10031B95B /* GameViewController.swift */,
				28314F642A5CAAD10031B95B /* Main.storyboard */,
				28314F692A5CAAD20031B95B /* LaunchScreen.storyboard */,
				28FC6C6B2A6F1C5E00C0A9BE /* LanguageManager.swift */,
			);
			path = System;
			sourceTree = "<group>";
		};
		28314F8F2A5CAB120031B95B /* Game */ = {
			isa = PBXGroup;
			children = (
				28076A7D2A6DF81300F2BD7B /* EndScene */,
				28076A772A6DBB0800F2BD7B /* MainMenu */,
				28314F972A5CACD20031B95B /* Intro */,
				28314F952A5CAC4F0031B95B /* Battle */,
				28314F602A5CAAD10031B95B /* GameScene.swift */,
				C9C209262A6EFD61009C73C4 /* DayNighScene */,
			);
			path = Game;
			sourceTree = "<group>";
		};
		28314F902A5CAB1F0031B95B /* Model */ = {
			isa = PBXGroup;
			children = (
				28C52A682A617F49003AEF25 /* HorrorDatabase.xcdatamodeld */,
				28BDF7762A6431F9002037EB /* GameController.swift */,
				28C52A6B2A6181ED003AEF25 /* HorrorDataManager.swift */,
			);
			path = Model;
			sourceTree = "<group>";
		};
		28314F912A5CAB680031B95B /* Preview */ = {
			isa = PBXGroup;
			children = (
				28314F922A5CAB7C0031B95B /* SwiftUIView.swift */,
			);
			path = Preview;
			sourceTree = "<group>";
		};
		28314F952A5CAC4F0031B95B /* Battle */ = {
			isa = PBXGroup;
			children = (
				28314F602A5CAAD10031B95B /* GameScene.swift */,
				B8F0014A2A6B255800392235 /* Cenario  */,
				280A534D2A6AABF200267B9E /* Pause */,
				B8B246982A66CEDE00EB2FFB /* MonsterNode */,
				28C322BD2A66E583000E83FF /* Hud */,
				28F54D2B2A60927F00B692F5 /* Player */,
			);
			path = Battle;
			sourceTree = "<group>";
		};
		28314F962A5CAC740031B95B /* Audio */ = {
			isa = PBXGroup;
			children = (
				286A54B12A5DCAAA00B2D6BC /* Myaudio.sks */,
			);
			path = Audio;
			sourceTree = "<group>";
		};
		28314F972A5CACD20031B95B /* Intro */ = {
			isa = PBXGroup;
			children = (
				C9C209032A6D5371009C73C4 /* IntroScene.swift */,
				B888CB282A6B19E1008D8E3E /* Transition */,
				B888CB262A6B19AD008D8E3E /* Dialog */,
				B888CB252A6B19A3008D8E3E /* Oppening */,
			);
			path = Intro;
			sourceTree = "<group>";
		};
		28C322BD2A66E583000E83FF /* Hud */ = {
			isa = PBXGroup;
			children = (
				28C322BF2A66E5BF000E83FF /* HudNode.swift */,
				28D1235F2A68416500E37E43 /* ComponentsNodes */,
				28C322BE2A66E58E000E83FF /* Components */,
			);
			path = Hud;
			sourceTree = "<group>";
		};
		28C322BE2A66E58E000E83FF /* Components */ = {
			isa = PBXGroup;
			children = (
				28C322C92A671DBA000E83FF /* LifeBar.swift */,
				28D1235B2A68195900E37E43 /* LifeBarBackGround.swift */,
				28D123602A6847A400E37E43 /* NamePlaceHolder.swift */,
				28D123662A68743700E37E43 /* ButtomEndTurn.swift */,
				288F53042A6D637000BC24A2 /* Divider.swift */,
				288F53062A6D677B00BC24A2 /* Camera.swift */,
				288F53082A6D760500BC24A2 /* LifeBarOverlay.swift */,
				C9C2091E2A6E0CF6009C73C4 /* FloatingNode.swift */,
			);
			path = Components;
			sourceTree = "<group>";
		};
		28D1235F2A68416500E37E43 /* ComponentsNodes */ = {
			isa = PBXGroup;
			children = (
				28D1235D2A681E9D00E37E43 /* LifeBarNode.swift */,
				28D123622A6848C200E37E43 /* MonsterHud.swift */,
				28D123642A68529E00E37E43 /* PlayerHud.swift */,
			);
			path = ComponentsNodes;
			sourceTree = "<group>";
		};
		28DD3A9B2A65B07A00D5F951 /* Fonts */ = {
			isa = PBXGroup;
			children = (
				28DD3A992A65B06F00D5F951 /* BigshotOne-Regular.ttf */,
				C900B2312A6B02C200AC9291 /* BreeSerif-Regular.ttf */,
			);
			path = Fonts;
			sourceTree = "<group>";
		};
		28F54D2B2A60927F00B692F5 /* Player */ = {
			isa = PBXGroup;
			children = (
				28F54D2C2A60929F00B692F5 /* Components */,
				28F54D292A60923B00B692F5 /* player.swift */,
			);
			path = Player;
			sourceTree = "<group>";
		};
		28F54D2C2A60929F00B692F5 /* Components */ = {
			isa = PBXGroup;
			children = (
				286536702A68BE4D007E8CD3 /* CardConfigurations.swift */,
				286A54AF2A5DC96000B2D6BC /* CardNode.swift */,
				C9856EB62A6637CC00936CF2 /* HandCards.swift */,
			);
			path = Components;
			sourceTree = "<group>";
		};
		B86261412A6D6B9900EB5C93 /* TextComponents */ = {
			isa = PBXGroup;
			children = (
				B86261422A6D6DBE00EB5C93 /* TextBox.swift */,
				B85501B92A6EEE520038F2F1 /* DialogData.swift */,
				70D72CED2A6EF5480010AFA8 /* Maos.swift */,
				70D72CEF2A6EFCFA0010AFA8 /* Taro.swift */,
			);
			path = TextComponents;
			sourceTree = "<group>";
		};
		B8744E012A6C87B800180816 /* Diário */ = {
			isa = PBXGroup;
			children = (
			);
			name = "Diário";
			path = "Diário";
			sourceTree = "<group>";
		};
		B8744E022A6C87CF00180816 /* MainMenu */ = {
			isa = PBXGroup;
			children = (
			);
			path = MainMenu;
			sourceTree = "<group>";
		};
		B888CB252A6B19A3008D8E3E /* Oppening */ = {
			isa = PBXGroup;
			children = (
				B8744E022A6C87CF00180816 /* MainMenu */,
				B8744E012A6C87B800180816 /* Diário */,
			);
			path = Oppening;
			sourceTree = "<group>";
		};
		B888CB262A6B19AD008D8E3E /* Dialog */ = {
			isa = PBXGroup;
			children = (
				B86261412A6D6B9900EB5C93 /* TextComponents */,
				B8AECE0C2A6D60AB0032AC66 /* ScenaryComponents */,
				B8AECE0A2A6D5B880032AC66 /* DialogView.swift */,
			);
			path = Dialog;
			sourceTree = "<group>";
		};
		B888CB282A6B19E1008D8E3E /* Transition */ = {
			isa = PBXGroup;
			children = (
			);
			path = Transition;
			sourceTree = "<group>";
		};
		B8AECE0C2A6D60AB0032AC66 /* ScenaryComponents */ = {
			isa = PBXGroup;
			children = (
				B8AECE082A6D5B770032AC66 /* IntroBackground.swift */,
				70D72CE32A6EF4600010AFA8 /* Mao1.swift */,
				70D72CE52A6EF46D0010AFA8 /* Mao2.swift */,
				70D72CE72A6EF4BE0010AFA8 /* Carta1.swift */,
				70D72CE92A6EF4CD0010AFA8 /* Carta2.swift */,
				70D72CEB2A6EF4D90010AFA8 /* Carta3.swift */,
			);
			path = ScenaryComponents;
			sourceTree = "<group>";
		};
		B8B246982A66CEDE00EB2FFB /* MonsterNode */ = {
			isa = PBXGroup;
			children = (
				B8F9155B2A671E1400D828A2 /* MonsterComponents */,
				B8B246992A66CF3400EB2FFB /* MonsterView.swift */,
			);
			path = MonsterNode;
			sourceTree = "<group>";
		};
		B8F0014A2A6B255800392235 /* Cenario  */ = {
			isa = PBXGroup;
			children = (
				B8F0014B2A6B255800392235 /* Cenario.swift */,
				B8F0014C2A6B255800392235 /* ComponentsNodes */,
				B8F001502A6B255800392235 /* Components */,
			);
			path = "Cenario ";
			sourceTree = "<group>";
		};
		B8F0014C2A6B255800392235 /* ComponentsNodes */ = {
			isa = PBXGroup;
			children = (
				B8F0014D2A6B255800392235 /* Fundo.swift */,
				B8F0014E2A6B255800392235 /* Frente.swift */,
				B8F0014F2A6B255800392235 /* Carros.swift */,
			);
			path = ComponentsNodes;
			sourceTree = "<group>";
		};
		B8F001502A6B255800392235 /* Components */ = {
			isa = PBXGroup;
			children = (
				C9C208FC2A6CD797009C73C4 /* farol.atlas */,
				B8F001512A6B255800392235 /* ArvoresFrente.swift */,
				B8F001522A6B255800392235 /* Estrada.swift */,
				B8F001532A6B255800392235 /* Background.swift */,
				B8F001542A6B255800392235 /* Assets.xcassets */,
				B8F001552A6B255800392235 /* Fumaca.sks */,
				B8F001562A6B255800392235 /* Carro2.swift */,
				B8F001592A6B255800392235 /* Carro1.swift */,
				B8F0015A2A6B255800392235 /* Farol.swift */,
				B8F0015B2A6B255800392235 /* ArvoresFundo.swift */,
			);
			path = Components;
			sourceTree = "<group>";
		};
		B8F9155B2A671E1400D828A2 /* MonsterComponents */ = {
			isa = PBXGroup;
			children = (
				B8F9155C2A671E4600D828A2 /* MonsterEntity.swift */,
				B8F9155E2A67214200D828A2 /* MonsterEntry.swift */,
			);
			path = MonsterComponents;
			sourceTree = "<group>";
		};
		C9C209262A6EFD61009C73C4 /* DayNighScene */ = {
			isa = PBXGroup;
			children = (
				C9C209242A6EFB91009C73C4 /* DayNightTransitionScene.swift */,
			);
			path = DayNighScene;
			sourceTree = "<group>";
		};
/* End PBXGroup section */

/* Begin PBXNativeTarget section */
		28314F562A5CAAD10031B95B /* CardGameHorror */ = {
			isa = PBXNativeTarget;
			buildConfigurationList = 28314F842A5CAAD20031B95B /* Build configuration list for PBXNativeTarget "CardGameHorror" */;
			buildPhases = (
				28314F532A5CAAD10031B95B /* Sources */,
				28314F542A5CAAD10031B95B /* Frameworks */,
				28314F552A5CAAD10031B95B /* Resources */,
			);
			buildRules = (
			);
			dependencies = (
			);
			name = CardGameHorror;
			productName = CardGameHorror;
			productReference = 28314F572A5CAAD10031B95B /* CardGameHorror.app */;
			productType = "com.apple.product-type.application";
		};
		28314F6F2A5CAAD20031B95B /* CardGameHorrorTests */ = {
			isa = PBXNativeTarget;
			buildConfigurationList = 28314F872A5CAAD20031B95B /* Build configuration list for PBXNativeTarget "CardGameHorrorTests" */;
			buildPhases = (
				28314F6C2A5CAAD20031B95B /* Sources */,
				28314F6D2A5CAAD20031B95B /* Frameworks */,
				28314F6E2A5CAAD20031B95B /* Resources */,
			);
			buildRules = (
			);
			dependencies = (
				28314F722A5CAAD20031B95B /* PBXTargetDependency */,
			);
			name = CardGameHorrorTests;
			productName = CardGameHorrorTests;
			productReference = 28314F702A5CAAD20031B95B /* CardGameHorrorTests.xctest */;
			productType = "com.apple.product-type.bundle.unit-test";
		};
		28314F792A5CAAD20031B95B /* CardGameHorrorUITests */ = {
			isa = PBXNativeTarget;
			buildConfigurationList = 28314F8A2A5CAAD20031B95B /* Build configuration list for PBXNativeTarget "CardGameHorrorUITests" */;
			buildPhases = (
				28314F762A5CAAD20031B95B /* Sources */,
				28314F772A5CAAD20031B95B /* Frameworks */,
				28314F782A5CAAD20031B95B /* Resources */,
			);
			buildRules = (
			);
			dependencies = (
				28314F7C2A5CAAD20031B95B /* PBXTargetDependency */,
			);
			name = CardGameHorrorUITests;
			productName = CardGameHorrorUITests;
			productReference = 28314F7A2A5CAAD20031B95B /* CardGameHorrorUITests.xctest */;
			productType = "com.apple.product-type.bundle.ui-testing";
		};
/* End PBXNativeTarget section */

/* Begin PBXProject section */
		28314F4F2A5CAAD10031B95B /* Project object */ = {
			isa = PBXProject;
			attributes = {
				BuildIndependentTargetsInParallel = 1;
				LastSwiftUpdateCheck = 1430;
				LastUpgradeCheck = 1430;
				TargetAttributes = {
					28314F562A5CAAD10031B95B = {
						CreatedOnToolsVersion = 14.3.1;
					};
					28314F6F2A5CAAD20031B95B = {
						CreatedOnToolsVersion = 14.3.1;
						TestTargetID = 28314F562A5CAAD10031B95B;
					};
					28314F792A5CAAD20031B95B = {
						CreatedOnToolsVersion = 14.3.1;
						TestTargetID = 28314F562A5CAAD10031B95B;
					};
				};
			};
			buildConfigurationList = 28314F522A5CAAD10031B95B /* Build configuration list for PBXProject "CardGameHorror" */;
			compatibilityVersion = "Xcode 14.0";
			developmentRegion = "pt-BR";
			hasScannedForEncodings = 0;
			knownRegions = (
				en,
				Base,
				"pt-BR",
			);
			mainGroup = 28314F4E2A5CAAD10031B95B;
			productRefGroup = 28314F582A5CAAD10031B95B /* Products */;
			projectDirPath = "";
			projectRoot = "";
			targets = (
				28314F562A5CAAD10031B95B /* CardGameHorror */,
				28314F6F2A5CAAD20031B95B /* CardGameHorrorTests */,
				28314F792A5CAAD20031B95B /* CardGameHorrorUITests */,
			);
		};
/* End PBXProject section */

/* Begin PBXResourcesBuildPhase section */
		28314F552A5CAAD10031B95B /* Resources */ = {
			isa = PBXResourcesBuildPhase;
			buildActionMask = 2147483647;
			files = (
				28314F662A5CAAD10031B95B /* Main.storyboard in Resources */,
				28FC6C672A6F10D200C0A9BE /* Localizable.strings in Resources */,
				C900B2322A6B02C200AC9291 /* BreeSerif-Regular.ttf in Resources */,
				286A54B22A5DCAAA00B2D6BC /* Myaudio.sks in Resources */,
				28314F682A5CAAD20031B95B /* Assets.xcassets in Resources */,
				C9C208FD2A6CD797009C73C4 /* farol.atlas in Resources */,
				B8F001632A6B255800392235 /* Assets.xcassets in Resources */,
				28314F6B2A5CAAD20031B95B /* LaunchScreen.storyboard in Resources */,
				B8F001642A6B255800392235 /* Fumaca.sks in Resources */,
				28DD3A9A2A65B06F00D5F951 /* BigshotOne-Regular.ttf in Resources */,
			);
			runOnlyForDeploymentPostprocessing = 0;
		};
		28314F6E2A5CAAD20031B95B /* Resources */ = {
			isa = PBXResourcesBuildPhase;
			buildActionMask = 2147483647;
			files = (
			);
			runOnlyForDeploymentPostprocessing = 0;
		};
		28314F782A5CAAD20031B95B /* Resources */ = {
			isa = PBXResourcesBuildPhase;
			buildActionMask = 2147483647;
			files = (
			);
			runOnlyForDeploymentPostprocessing = 0;
		};
/* End PBXResourcesBuildPhase section */

/* Begin PBXSourcesBuildPhase section */
		28314F532A5CAAD10031B95B /* Sources */ = {
			isa = PBXSourcesBuildPhase;
			buildActionMask = 2147483647;
			files = (
				28C322C82A671955000E83FF /* SwiftUIView.swift in Sources */,
				B85501BA2A6EEE520038F2F1 /* DialogData.swift in Sources */,
				70D72CEC2A6EF4D90010AFA8 /* Carta3.swift in Sources */,
				70D72CEA2A6EF4CD0010AFA8 /* Carta2.swift in Sources */,
				B8F9155F2A67214200D828A2 /* MonsterEntry.swift in Sources */,
				B8F9155D2A671E4600D828A2 /* MonsterEntity.swift in Sources */,
				28C322CA2A671DBA000E83FF /* LifeBar.swift in Sources */,
				280DF6792A6B18AD00EFF162 /* Languages.swift in Sources */,
				B86261432A6D6DBE00EB5C93 /* TextBox.swift in Sources */,
				28D123612A6847A400E37E43 /* NamePlaceHolder.swift in Sources */,
				28314F612A5CAAD10031B95B /* GameScene.swift in Sources */,
				28FC6C6C2A6F1C5E00C0A9BE /* LanguageManager.swift in Sources */,
				28076A842A6DF87D00F2BD7B /* ResetBattleButtom.swift in Sources */,
				B8F0015E2A6B255800392235 /* Frente.swift in Sources */,
				28076A7F2A6DF83400F2BD7B /* PlayerEndScene.swift in Sources */,
				28314F632A5CAAD10031B95B /* GameViewController.swift in Sources */,
				280A53522A6AB0AB00267B9E /* PauseBackground.swift in Sources */,
				288F53092A6D760500BC24A2 /* LifeBarOverlay.swift in Sources */,
				280A53562A6ABDC900267B9E /* ResetBattle.swift in Sources */,
				28C52A6C2A6181ED003AEF25 /* HorrorDataManager.swift in Sources */,
				B8F001622A6B255800392235 /* Background.swift in Sources */,
				28D1235E2A681E9D00E37E43 /* LifeBarNode.swift in Sources */,
				B8F0015C2A6B255800392235 /* Cenario.swift in Sources */,
				B8F001692A6B255800392235 /* Farol.swift in Sources */,
				B8F0016A2A6B255800392235 /* ArvoresFundo.swift in Sources */,
				28076A762A6DB7BC00F2BD7B /* MainMenuScene.swift in Sources */,
				B8F0015D2A6B255800392235 /* Fundo.swift in Sources */,
				280A534F2A6AAC0A00267B9E /* PauseNode.swift in Sources */,
				28D123652A68529E00E37E43 /* PlayerHud.swift in Sources */,
				B8AECE0B2A6D5B880032AC66 /* DialogView.swift in Sources */,
				280A53542A6ABD0000267B9E /* ClosePause.swift in Sources */,
				28F54D2A2A60923B00B692F5 /* player.swift in Sources */,
				B8B2469A2A66CF3400EB2FFB /* MonsterView.swift in Sources */,
				286536712A68BE4D007E8CD3 /* CardConfigurations.swift in Sources */,
				70D72CE82A6EF4BE0010AFA8 /* Carta1.swift in Sources */,
				288F53072A6D677B00BC24A2 /* Camera.swift in Sources */,
				70D72CE42A6EF4600010AFA8 /* Mao1.swift in Sources */,
				B8F001652A6B255800392235 /* Carro2.swift in Sources */,
				B8AECE092A6D5B770032AC66 /* IntroBackground.swift in Sources */,
				C9856EB72A6637CC00936CF2 /* HandCards.swift in Sources */,
				B8F001612A6B255800392235 /* Estrada.swift in Sources */,
				28076A822A6DF85C00F2BD7B /* MonsterEndScene.swift in Sources */,
				B8F0015F2A6B255800392235 /* Carros.swift in Sources */,
				C9C209232A6EC071009C73C4 /* OverlayPause.swift in Sources */,
				286A54B02A5DC96000B2D6BC /* CardNode.swift in Sources */,
				28D123672A68743700E37E43 /* ButtomEndTurn.swift in Sources */,
				280A53582A6ABEC400267B9E /* MainMenu.swift in Sources */,
				C9C209042A6D5371009C73C4 /* IntroScene.swift in Sources */,
				70D72CE62A6EF46D0010AFA8 /* Mao2.swift in Sources */,
				28D123632A6848C200E37E43 /* MonsterHud.swift in Sources */,
				28076A7A2A6DC67E00F2BD7B /* NewGameButtom.swift in Sources */,
				28D1235C2A68195900E37E43 /* LifeBarBackGround.swift in Sources */,
				28BDF7772A6431F9002037EB /* GameController.swift in Sources */,
				28C52A6A2A617F49003AEF25 /* HorrorDatabase.xcdatamodeld in Sources */,
				283227652A6EF39800D13300 /* MainMenuBackground.swift in Sources */,
				70D72CEE2A6EF5480010AFA8 /* Maos.swift in Sources */,
				C9C2091F2A6E0CF6009C73C4 /* FloatingNode.swift in Sources */,
				B8F001602A6B255800392235 /* ArvoresFrente.swift in Sources */,
				28C322C02A66E5BF000E83FF /* HudNode.swift in Sources */,
				28076A862A6DF89000F2BD7B /* BackToMainMenu.swift in Sources */,
				288F53052A6D637000BC24A2 /* Divider.swift in Sources */,
				280A535A2A6AC10A00267B9E /* PauseButtom.swift in Sources */,
				28DD3AA12A65C05D00D5F951 /* Extensions.swift in Sources */,
				28314F5B2A5CAAD10031B95B /* AppDelegate.swift in Sources */,
				70D72CF02A6EFCFA0010AFA8 /* Taro.swift in Sources */,
				28076A7C2A6DC6FE00F2BD7B /* ContinueGameButtom.swift in Sources */,
				B8F001682A6B255800392235 /* Carro1.swift in Sources */,
				C9C209252A6EFB91009C73C4 /* DayNightTransitionScene.swift in Sources */,
			);
			runOnlyForDeploymentPostprocessing = 0;
		};
		28314F6C2A5CAAD20031B95B /* Sources */ = {
			isa = PBXSourcesBuildPhase;
			buildActionMask = 2147483647;
			files = (
				28314F752A5CAAD20031B95B /* CardGameHorrorTests.swift in Sources */,
			);
			runOnlyForDeploymentPostprocessing = 0;
		};
		28314F762A5CAAD20031B95B /* Sources */ = {
			isa = PBXSourcesBuildPhase;
			buildActionMask = 2147483647;
			files = (
				28314F812A5CAAD20031B95B /* CardGameHorrorUITestsLaunchTests.swift in Sources */,
				28314F7F2A5CAAD20031B95B /* CardGameHorrorUITests.swift in Sources */,
			);
			runOnlyForDeploymentPostprocessing = 0;
		};
/* End PBXSourcesBuildPhase section */

/* Begin PBXTargetDependency section */
		28314F722A5CAAD20031B95B /* PBXTargetDependency */ = {
			isa = PBXTargetDependency;
			target = 28314F562A5CAAD10031B95B /* CardGameHorror */;
			targetProxy = 28314F712A5CAAD20031B95B /* PBXContainerItemProxy */;
		};
		28314F7C2A5CAAD20031B95B /* PBXTargetDependency */ = {
			isa = PBXTargetDependency;
			target = 28314F562A5CAAD10031B95B /* CardGameHorror */;
			targetProxy = 28314F7B2A5CAAD20031B95B /* PBXContainerItemProxy */;
		};
/* End PBXTargetDependency section */

/* Begin PBXVariantGroup section */
		28314F642A5CAAD10031B95B /* Main.storyboard */ = {
			isa = PBXVariantGroup;
			children = (
				28314F652A5CAAD10031B95B /* Base */,
				28FC6C632A6F0F7000C0A9BE /* pt-BR */,
			);
			name = Main.storyboard;
			sourceTree = "<group>";
		};
		28314F692A5CAAD20031B95B /* LaunchScreen.storyboard */ = {
			isa = PBXVariantGroup;
			children = (
				28314F6A2A5CAAD20031B95B /* Base */,
				28FC6C642A6F0F7000C0A9BE /* pt-BR */,
			);
			name = LaunchScreen.storyboard;
			sourceTree = "<group>";
		};
		28FC6C692A6F10D200C0A9BE /* Localizable.strings */ = {
			isa = PBXVariantGroup;
			children = (
				28FC6C682A6F10D200C0A9BE /* pt-BR */,
				28FC6C6A2A6F10D600C0A9BE /* en */,
			);
			name = Localizable.strings;
			sourceTree = "<group>";
		};
/* End PBXVariantGroup section */

/* Begin XCBuildConfiguration section */
		28314F822A5CAAD20031B95B /* Debug */ = {
			isa = XCBuildConfiguration;
			buildSettings = {
				ALWAYS_SEARCH_USER_PATHS = NO;
				CLANG_ANALYZER_LOCALIZABILITY_NONLOCALIZED = YES;
				CLANG_ANALYZER_NONNULL = YES;
				CLANG_ANALYZER_NUMBER_OBJECT_CONVERSION = YES_AGGRESSIVE;
				CLANG_CXX_LANGUAGE_STANDARD = "gnu++20";
				CLANG_ENABLE_MODULES = YES;
				CLANG_ENABLE_OBJC_ARC = YES;
				CLANG_ENABLE_OBJC_WEAK = YES;
				CLANG_WARN_BLOCK_CAPTURE_AUTORELEASING = YES;
				CLANG_WARN_BOOL_CONVERSION = YES;
				CLANG_WARN_COMMA = YES;
				CLANG_WARN_CONSTANT_CONVERSION = YES;
				CLANG_WARN_DEPRECATED_OBJC_IMPLEMENTATIONS = YES;
				CLANG_WARN_DIRECT_OBJC_ISA_USAGE = YES_ERROR;
				CLANG_WARN_DOCUMENTATION_COMMENTS = YES;
				CLANG_WARN_EMPTY_BODY = YES;
				CLANG_WARN_ENUM_CONVERSION = YES;
				CLANG_WARN_INFINITE_RECURSION = YES;
				CLANG_WARN_INT_CONVERSION = YES;
				CLANG_WARN_NON_LITERAL_NULL_CONVERSION = YES;
				CLANG_WARN_OBJC_IMPLICIT_RETAIN_SELF = YES;
				CLANG_WARN_OBJC_LITERAL_CONVERSION = YES;
				CLANG_WARN_OBJC_ROOT_CLASS = YES_ERROR;
				CLANG_WARN_QUOTED_INCLUDE_IN_FRAMEWORK_HEADER = YES;
				CLANG_WARN_RANGE_LOOP_ANALYSIS = YES;
				CLANG_WARN_STRICT_PROTOTYPES = YES;
				CLANG_WARN_SUSPICIOUS_MOVE = YES;
				CLANG_WARN_UNGUARDED_AVAILABILITY = YES_AGGRESSIVE;
				CLANG_WARN_UNREACHABLE_CODE = YES;
				CLANG_WARN__DUPLICATE_METHOD_MATCH = YES;
				COPY_PHASE_STRIP = NO;
				DEBUG_INFORMATION_FORMAT = dwarf;
				ENABLE_STRICT_OBJC_MSGSEND = YES;
				ENABLE_TESTABILITY = YES;
				GCC_C_LANGUAGE_STANDARD = gnu11;
				GCC_DYNAMIC_NO_PIC = NO;
				GCC_NO_COMMON_BLOCKS = YES;
				GCC_OPTIMIZATION_LEVEL = 0;
				GCC_PREPROCESSOR_DEFINITIONS = (
					"DEBUG=1",
					"$(inherited)",
				);
				GCC_WARN_64_TO_32_BIT_CONVERSION = YES;
				GCC_WARN_ABOUT_RETURN_TYPE = YES_ERROR;
				GCC_WARN_UNDECLARED_SELECTOR = YES;
				GCC_WARN_UNINITIALIZED_AUTOS = YES_AGGRESSIVE;
				GCC_WARN_UNUSED_FUNCTION = YES;
				GCC_WARN_UNUSED_VARIABLE = YES;
				IPHONEOS_DEPLOYMENT_TARGET = 16.4;
				MTL_ENABLE_DEBUG_INFO = INCLUDE_SOURCE;
				MTL_FAST_MATH = YES;
				ONLY_ACTIVE_ARCH = YES;
				SDKROOT = iphoneos;
				SWIFT_ACTIVE_COMPILATION_CONDITIONS = DEBUG;
				SWIFT_OPTIMIZATION_LEVEL = "-Onone";
			};
			name = Debug;
		};
		28314F832A5CAAD20031B95B /* Release */ = {
			isa = XCBuildConfiguration;
			buildSettings = {
				ALWAYS_SEARCH_USER_PATHS = NO;
				CLANG_ANALYZER_LOCALIZABILITY_NONLOCALIZED = YES;
				CLANG_ANALYZER_NONNULL = YES;
				CLANG_ANALYZER_NUMBER_OBJECT_CONVERSION = YES_AGGRESSIVE;
				CLANG_CXX_LANGUAGE_STANDARD = "gnu++20";
				CLANG_ENABLE_MODULES = YES;
				CLANG_ENABLE_OBJC_ARC = YES;
				CLANG_ENABLE_OBJC_WEAK = YES;
				CLANG_WARN_BLOCK_CAPTURE_AUTORELEASING = YES;
				CLANG_WARN_BOOL_CONVERSION = YES;
				CLANG_WARN_COMMA = YES;
				CLANG_WARN_CONSTANT_CONVERSION = YES;
				CLANG_WARN_DEPRECATED_OBJC_IMPLEMENTATIONS = YES;
				CLANG_WARN_DIRECT_OBJC_ISA_USAGE = YES_ERROR;
				CLANG_WARN_DOCUMENTATION_COMMENTS = YES;
				CLANG_WARN_EMPTY_BODY = YES;
				CLANG_WARN_ENUM_CONVERSION = YES;
				CLANG_WARN_INFINITE_RECURSION = YES;
				CLANG_WARN_INT_CONVERSION = YES;
				CLANG_WARN_NON_LITERAL_NULL_CONVERSION = YES;
				CLANG_WARN_OBJC_IMPLICIT_RETAIN_SELF = YES;
				CLANG_WARN_OBJC_LITERAL_CONVERSION = YES;
				CLANG_WARN_OBJC_ROOT_CLASS = YES_ERROR;
				CLANG_WARN_QUOTED_INCLUDE_IN_FRAMEWORK_HEADER = YES;
				CLANG_WARN_RANGE_LOOP_ANALYSIS = YES;
				CLANG_WARN_STRICT_PROTOTYPES = YES;
				CLANG_WARN_SUSPICIOUS_MOVE = YES;
				CLANG_WARN_UNGUARDED_AVAILABILITY = YES_AGGRESSIVE;
				CLANG_WARN_UNREACHABLE_CODE = YES;
				CLANG_WARN__DUPLICATE_METHOD_MATCH = YES;
				COPY_PHASE_STRIP = NO;
				DEBUG_INFORMATION_FORMAT = "dwarf-with-dsym";
				ENABLE_NS_ASSERTIONS = NO;
				ENABLE_STRICT_OBJC_MSGSEND = YES;
				GCC_C_LANGUAGE_STANDARD = gnu11;
				GCC_NO_COMMON_BLOCKS = YES;
				GCC_WARN_64_TO_32_BIT_CONVERSION = YES;
				GCC_WARN_ABOUT_RETURN_TYPE = YES_ERROR;
				GCC_WARN_UNDECLARED_SELECTOR = YES;
				GCC_WARN_UNINITIALIZED_AUTOS = YES_AGGRESSIVE;
				GCC_WARN_UNUSED_FUNCTION = YES;
				GCC_WARN_UNUSED_VARIABLE = YES;
				IPHONEOS_DEPLOYMENT_TARGET = 16.4;
				MTL_ENABLE_DEBUG_INFO = NO;
				MTL_FAST_MATH = YES;
				SDKROOT = iphoneos;
				SWIFT_COMPILATION_MODE = wholemodule;
				SWIFT_OPTIMIZATION_LEVEL = "-O";
				VALIDATE_PRODUCT = YES;
			};
			name = Release;
		};
		28314F852A5CAAD20031B95B /* Debug */ = {
			isa = XCBuildConfiguration;
			buildSettings = {
				ASSETCATALOG_COMPILER_APPICON_NAME = AppIcon;
				ASSETCATALOG_COMPILER_GLOBAL_ACCENT_COLOR_NAME = AccentColor;
				CODE_SIGN_STYLE = Automatic;
				CURRENT_PROJECT_VERSION = 1;
				DEVELOPMENT_TEAM = SVGXRR5RRA;
				GENERATE_INFOPLIST_FILE = YES;
				INFOPLIST_FILE = CardGameHorror/Info.plist;
				INFOPLIST_KEY_UIApplicationSupportsIndirectInputEvents = YES;
				INFOPLIST_KEY_UILaunchStoryboardName = LaunchScreen;
				INFOPLIST_KEY_UIMainStoryboardFile = Main;
				INFOPLIST_KEY_UIRequiresFullScreen = YES;
				INFOPLIST_KEY_UIStatusBarHidden = YES;
				INFOPLIST_KEY_UISupportedInterfaceOrientations = "UIInterfaceOrientationLandscapeLeft UIInterfaceOrientationLandscapeRight";
				LD_RUNPATH_SEARCH_PATHS = (
					"$(inherited)",
					"@executable_path/Frameworks",
				);
				MARKETING_VERSION = 1.0;
				PRODUCT_BUNDLE_IDENTIFIER = Eduardo.CardGameHorror;
				PRODUCT_NAME = "$(TARGET_NAME)";
				SUPPORTED_PLATFORMS = "iphoneos iphonesimulator";
				SUPPORTS_MACCATALYST = NO;
				SUPPORTS_MAC_DESIGNED_FOR_IPHONE_IPAD = YES;
				SWIFT_EMIT_LOC_STRINGS = YES;
				SWIFT_VERSION = 5.0;
				TARGETED_DEVICE_FAMILY = 1;
			};
			name = Debug;
		};
		28314F862A5CAAD20031B95B /* Release */ = {
			isa = XCBuildConfiguration;
			buildSettings = {
				ASSETCATALOG_COMPILER_APPICON_NAME = AppIcon;
				ASSETCATALOG_COMPILER_GLOBAL_ACCENT_COLOR_NAME = AccentColor;
				CODE_SIGN_STYLE = Automatic;
				CURRENT_PROJECT_VERSION = 1;
				DEVELOPMENT_TEAM = SVGXRR5RRA;
				GENERATE_INFOPLIST_FILE = YES;
				INFOPLIST_FILE = CardGameHorror/Info.plist;
				INFOPLIST_KEY_UIApplicationSupportsIndirectInputEvents = YES;
				INFOPLIST_KEY_UILaunchStoryboardName = LaunchScreen;
				INFOPLIST_KEY_UIMainStoryboardFile = Main;
				INFOPLIST_KEY_UIRequiresFullScreen = YES;
				INFOPLIST_KEY_UIStatusBarHidden = YES;
				INFOPLIST_KEY_UISupportedInterfaceOrientations = "UIInterfaceOrientationLandscapeLeft UIInterfaceOrientationLandscapeRight";
				LD_RUNPATH_SEARCH_PATHS = (
					"$(inherited)",
					"@executable_path/Frameworks",
				);
				MARKETING_VERSION = 1.0;
				PRODUCT_BUNDLE_IDENTIFIER = Eduardo.CardGameHorror;
				PRODUCT_NAME = "$(TARGET_NAME)";
				SUPPORTED_PLATFORMS = "iphoneos iphonesimulator";
				SUPPORTS_MACCATALYST = NO;
				SUPPORTS_MAC_DESIGNED_FOR_IPHONE_IPAD = YES;
				SWIFT_EMIT_LOC_STRINGS = YES;
				SWIFT_VERSION = 5.0;
				TARGETED_DEVICE_FAMILY = 1;
			};
			name = Release;
		};
		28314F882A5CAAD20031B95B /* Debug */ = {
			isa = XCBuildConfiguration;
			buildSettings = {
				ALWAYS_EMBED_SWIFT_STANDARD_LIBRARIES = YES;
				BUNDLE_LOADER = "$(TEST_HOST)";
				CODE_SIGN_STYLE = Automatic;
				CURRENT_PROJECT_VERSION = 1;
				DEVELOPMENT_TEAM = TLC9D54B8V;
				GENERATE_INFOPLIST_FILE = YES;
				IPHONEOS_DEPLOYMENT_TARGET = 16.4;
				MARKETING_VERSION = 1.0;
				PRODUCT_BUNDLE_IDENTIFIER = Eduardo.CardGameHorrorTests;
				PRODUCT_NAME = "$(TARGET_NAME)";
				SWIFT_EMIT_LOC_STRINGS = NO;
				SWIFT_VERSION = 5.0;
				TARGETED_DEVICE_FAMILY = "1,2";
				TEST_HOST = "$(BUILT_PRODUCTS_DIR)/CardGameHorror.app/$(BUNDLE_EXECUTABLE_FOLDER_PATH)/CardGameHorror";
			};
			name = Debug;
		};
		28314F892A5CAAD20031B95B /* Release */ = {
			isa = XCBuildConfiguration;
			buildSettings = {
				ALWAYS_EMBED_SWIFT_STANDARD_LIBRARIES = YES;
				BUNDLE_LOADER = "$(TEST_HOST)";
				CODE_SIGN_STYLE = Automatic;
				CURRENT_PROJECT_VERSION = 1;
				DEVELOPMENT_TEAM = TLC9D54B8V;
				GENERATE_INFOPLIST_FILE = YES;
				IPHONEOS_DEPLOYMENT_TARGET = 16.4;
				MARKETING_VERSION = 1.0;
				PRODUCT_BUNDLE_IDENTIFIER = Eduardo.CardGameHorrorTests;
				PRODUCT_NAME = "$(TARGET_NAME)";
				SWIFT_EMIT_LOC_STRINGS = NO;
				SWIFT_VERSION = 5.0;
				TARGETED_DEVICE_FAMILY = "1,2";
				TEST_HOST = "$(BUILT_PRODUCTS_DIR)/CardGameHorror.app/$(BUNDLE_EXECUTABLE_FOLDER_PATH)/CardGameHorror";
			};
			name = Release;
		};
		28314F8B2A5CAAD20031B95B /* Debug */ = {
			isa = XCBuildConfiguration;
			buildSettings = {
				ALWAYS_EMBED_SWIFT_STANDARD_LIBRARIES = YES;
				CODE_SIGN_STYLE = Automatic;
				CURRENT_PROJECT_VERSION = 1;
				DEVELOPMENT_TEAM = TLC9D54B8V;
				GENERATE_INFOPLIST_FILE = YES;
				MARKETING_VERSION = 1.0;
				PRODUCT_BUNDLE_IDENTIFIER = Eduardo.CardGameHorrorUITests;
				PRODUCT_NAME = "$(TARGET_NAME)";
				SWIFT_EMIT_LOC_STRINGS = NO;
				SWIFT_VERSION = 5.0;
				TARGETED_DEVICE_FAMILY = "1,2";
				TEST_TARGET_NAME = CardGameHorror;
			};
			name = Debug;
		};
		28314F8C2A5CAAD20031B95B /* Release */ = {
			isa = XCBuildConfiguration;
			buildSettings = {
				ALWAYS_EMBED_SWIFT_STANDARD_LIBRARIES = YES;
				CODE_SIGN_STYLE = Automatic;
				CURRENT_PROJECT_VERSION = 1;
				DEVELOPMENT_TEAM = TLC9D54B8V;
				GENERATE_INFOPLIST_FILE = YES;
				MARKETING_VERSION = 1.0;
				PRODUCT_BUNDLE_IDENTIFIER = Eduardo.CardGameHorrorUITests;
				PRODUCT_NAME = "$(TARGET_NAME)";
				SWIFT_EMIT_LOC_STRINGS = NO;
				SWIFT_VERSION = 5.0;
				TARGETED_DEVICE_FAMILY = "1,2";
				TEST_TARGET_NAME = CardGameHorror;
			};
			name = Release;
		};
/* End XCBuildConfiguration section */

/* Begin XCConfigurationList section */
		28314F522A5CAAD10031B95B /* Build configuration list for PBXProject "CardGameHorror" */ = {
			isa = XCConfigurationList;
			buildConfigurations = (
				28314F822A5CAAD20031B95B /* Debug */,
				28314F832A5CAAD20031B95B /* Release */,
			);
			defaultConfigurationIsVisible = 0;
			defaultConfigurationName = Release;
		};
		28314F842A5CAAD20031B95B /* Build configuration list for PBXNativeTarget "CardGameHorror" */ = {
			isa = XCConfigurationList;
			buildConfigurations = (
				28314F852A5CAAD20031B95B /* Debug */,
				28314F862A5CAAD20031B95B /* Release */,
			);
			defaultConfigurationIsVisible = 0;
			defaultConfigurationName = Release;
		};
		28314F872A5CAAD20031B95B /* Build configuration list for PBXNativeTarget "CardGameHorrorTests" */ = {
			isa = XCConfigurationList;
			buildConfigurations = (
				28314F882A5CAAD20031B95B /* Debug */,
				28314F892A5CAAD20031B95B /* Release */,
			);
			defaultConfigurationIsVisible = 0;
			defaultConfigurationName = Release;
		};
		28314F8A2A5CAAD20031B95B /* Build configuration list for PBXNativeTarget "CardGameHorrorUITests" */ = {
			isa = XCConfigurationList;
			buildConfigurations = (
				28314F8B2A5CAAD20031B95B /* Debug */,
				28314F8C2A5CAAD20031B95B /* Release */,
			);
			defaultConfigurationIsVisible = 0;
			defaultConfigurationName = Release;
		};
/* End XCConfigurationList section */

/* Begin XCVersionGroup section */
		28C52A682A617F49003AEF25 /* HorrorDatabase.xcdatamodeld */ = {
			isa = XCVersionGroup;
			children = (
				28C52A692A617F49003AEF25 /* HorrorDatabase.xcdatamodel */,
			);
			currentVersion = 28C52A692A617F49003AEF25 /* HorrorDatabase.xcdatamodel */;
			path = HorrorDatabase.xcdatamodeld;
			sourceTree = "<group>";
			versionGroupType = wrapper.xcdatamodel;
		};
/* End XCVersionGroup section */
	};
	rootObject = 28314F4F2A5CAAD10031B95B /* Project object */;
}
